{
    "hash": "f85626c8b1432f120dca4eb9533a9f74",
    "packages": [
        {
            "package": "esperance/esperance",
            "version": "v0.1.0"
        },
        {
            "package": "evenement/evenement",
            "version": "1.0.x-dev",
            "source-reference": "v1.0.0",
            "commit-date": "1338390068"
        }
    ],
    "packages-dev": null,
    "aliases": [

    ],
    "minimum-stability": "dev",
    "stability-flags": [

    ]
}
